{
  "pins" : [
    {
      "identity" : "analytics-ios",
      "kind" : "remoteSourceControl",
      "location" : "https://github.com/segmentio/analytics-ios",
      "state" : {
        "branch" : "master",
        "revision" : "113543677ed984f4d43dd118dd632d2786db62f2"
      }
    },
    {
      "identity" : "segmentmultiplatform",
      "kind" : "remoteSourceControl",
      "location" : "https://github.com/carlosmonzon/SegmentMultiplatform",
      "state" : {
        "revision" : "48e38d479d6f5a49149f5a3d4c14a71132d325cd",
        "version" : "0.1.2"
      }
    }
  ],
  "version" : 2
}
